
Microsoft Visual Studio Solution File, Format Version 12.00
# Visual Studio Version 17
VisualStudioVersion = 17.8.34408.163
MinimumVisualStudioVersion = 10.0.40219.1
Project("{8BC9CEB8-8B4A-11D0-8D11-00A0C91BC942}") = "section9-challenge", "section9-challenge.vcxproj", "{DD752672-99BF-4CC4-84B0-87B6E917ACEA}"
EndProject
Project("{2150E333-8FDC-42A3-9474-1A3956D46DE8}") = "Solution Items", "Solution Items", "{C0AED184-DE50-4CC5-8BBA-7C758DAABC98}"
	ProjectSection(SolutionItems) = preProject
		section9-challenge.txt = section9-challenge.txt
	EndProjectSection
EndProject
Global
	GlobalSection(SolutionConfigurationPlatforms) = preSolution
		Debug|x64 = Debug|x64
		Debug|x86 = Debug|x86
		Release|x64 = Release|x64
		Release|x86 = Release|x86
	EndGlobalSection
	GlobalSection(ProjectConfigurationPlatforms) = postSolution
		{DD752672-99BF-4CC4-84B0-87B6E917ACEA}.Debug|x64.ActiveCfg = Debug|x64
		{DD752672-99BF-4CC4-84B0-87B6E917ACEA}.Debug|x64.Build.0 = Debug|x64
		{DD752672-99BF-4CC4-84B0-87B6E917ACEA}.Debug|x86.ActiveCfg = Debug|Win32
		{DD752672-99BF-4CC4-84B0-87B6E917ACEA}.Debug|x86.Build.0 = Debug|Win32
		{DD752672-99BF-4CC4-84B0-87B6E917ACEA}.Release|x64.ActiveCfg = Release|x64
		{DD752672-99BF-4CC4-84B0-87B6E917ACEA}.Release|x64.Build.0 = Release|x64
		{DD752672-99BF-4CC4-84B0-87B6E917ACEA}.Release|x86.ActiveCfg = Release|Win32
		{DD752672-99BF-4CC4-84B0-87B6E917ACEA}.Release|x86.Build.0 = Release|Win32
	EndGlobalSection
	GlobalSection(SolutionProperties) = preSolution
		HideSolutionNode = FALSE
	EndGlobalSection
	GlobalSection(ExtensibilityGlobals) = postSolution
		SolutionGuid = {F5685289-30BA-4415-91F7-E982649BE6C7}
	EndGlobalSection
EndGlobal
